Microsoft Visual Studio Solution File, Format Version 12.00
# Visual Studio Version 17
VisualStudioVersion = 17.5.2.0
MinimumVisualStudioVersion = 10.0.40219.1
Project("{2150E333-8FDC-42A3-9474-1A3956D46DE8}") = "Wojtysiak_Projekt_e-testament", "Wojtysiak_Projekt_e-testament", "{97B4ED5D-2A81-575F-F553-39D4BA274BDF}"
EndProject
Project("{FAE04EC0-301F-11D3-BF4B-00C04F79EFBC}") = "E-testament", "Wojtysiak_Projekt_e-testament\E-testament\E-testament.csproj", "{44B6F2B0-BE03-D305-07B1-C072FE811588}"
EndProject
Global
	GlobalSection(SolutionConfigurationPlatforms) = preSolution
		Debug|Any CPU = Debug|Any CPU
		Release|Any CPU = Release|Any CPU
	EndGlobalSection
	GlobalSection(ProjectConfigurationPlatforms) = postSolution
		{44B6F2B0-BE03-D305-07B1-C072FE811588}.Debug|Any CPU.ActiveCfg = Debug|Any CPU
		{44B6F2B0-BE03-D305-07B1-C072FE811588}.Debug|Any CPU.Build.0 = Debug|Any CPU
		{44B6F2B0-BE03-D305-07B1-C072FE811588}.Release|Any CPU.ActiveCfg = Release|Any CPU
		{44B6F2B0-BE03-D305-07B1-C072FE811588}.Release|Any CPU.Build.0 = Release|Any CPU
	EndGlobalSection
	GlobalSection(SolutionProperties) = preSolution
		HideSolutionNode = FALSE
	EndGlobalSection
	GlobalSection(NestedProjects) = preSolution
		{44B6F2B0-BE03-D305-07B1-C072FE811588} = {97B4ED5D-2A81-575F-F553-39D4BA274BDF}
	EndGlobalSection
	GlobalSection(ExtensibilityGlobals) = postSolution
		SolutionGuid = {70498DED-0158-4D49-A414-52CB92200232}
	EndGlobalSection
EndGlobal
